
Microsoft Visual Studio Solution File, Format Version 12.00
# TcXaeShell Solution File, Format Version 11.00
VisualStudioVersion = 15.0.28307.1300
MinimumVisualStudioVersion = 10.0.40219.1
Project("{DFBE7525-6864-4E62-8B2E-D530D69D9D96}") = "core", "core\core.tspproj", "{FDFBE119-C4C6-404D-8662-D2C489124166}"
EndProject
Project("{B1E792BE-AA5F-4E3C-8C82-674BF9C0715B}") = "TestProject", "TestProject\TestProject.tsproj", "{1FE1246A-A0C4-46A3-9786-82C9670567EE}"
EndProject
Global
	GlobalSection(SolutionConfigurationPlatforms) = preSolution
		Debug|TwinCAT CE7 (ARMV7) = Debug|TwinCAT CE7 (ARMV7)
		Debug|TwinCAT OS (ARMT2) = Debug|TwinCAT OS (ARMT2)
		Debug|TwinCAT RT (x64) = Debug|TwinCAT RT (x64)
		Debug|TwinCAT RT (x86) = Debug|TwinCAT RT (x86)
		Release|TwinCAT CE7 (ARMV7) = Release|TwinCAT CE7 (ARMV7)
		Release|TwinCAT OS (ARMT2) = Release|TwinCAT OS (ARMT2)
		Release|TwinCAT RT (x64) = Release|TwinCAT RT (x64)
		Release|TwinCAT RT (x86) = Release|TwinCAT RT (x86)
	EndGlobalSection
	GlobalSection(ProjectConfigurationPlatforms) = postSolution
		{FDFBE119-C4C6-404D-8662-D2C489124166}.Debug|TwinCAT CE7 (ARMV7).ActiveCfg = Debug|TwinCAT CE7 (ARMV7)
		{FDFBE119-C4C6-404D-8662-D2C489124166}.Debug|TwinCAT CE7 (ARMV7).Build.0 = Debug|TwinCAT CE7 (ARMV7)
		{FDFBE119-C4C6-404D-8662-D2C489124166}.Debug|TwinCAT OS (ARMT2).ActiveCfg = Debug|TwinCAT OS (ARMT2)
		{FDFBE119-C4C6-404D-8662-D2C489124166}.Debug|TwinCAT OS (ARMT2).Build.0 = Debug|TwinCAT OS (ARMT2)
		{FDFBE119-C4C6-404D-8662-D2C489124166}.Debug|TwinCAT RT (x64).ActiveCfg = Debug|TwinCAT RT (x64)
		{FDFBE119-C4C6-404D-8662-D2C489124166}.Debug|TwinCAT RT (x64).Build.0 = Debug|TwinCAT RT (x64)
		{FDFBE119-C4C6-404D-8662-D2C489124166}.Debug|TwinCAT RT (x86).ActiveCfg = Debug|TwinCAT RT (x86)
		{FDFBE119-C4C6-404D-8662-D2C489124166}.Debug|TwinCAT RT (x86).Build.0 = Debug|TwinCAT RT (x86)
		{FDFBE119-C4C6-404D-8662-D2C489124166}.Release|TwinCAT CE7 (ARMV7).ActiveCfg = Release|TwinCAT CE7 (ARMV7)
		{FDFBE119-C4C6-404D-8662-D2C489124166}.Release|TwinCAT CE7 (ARMV7).Build.0 = Release|TwinCAT CE7 (ARMV7)
		{FDFBE119-C4C6-404D-8662-D2C489124166}.Release|TwinCAT OS (ARMT2).ActiveCfg = Release|TwinCAT OS (ARMT2)
		{FDFBE119-C4C6-404D-8662-D2C489124166}.Release|TwinCAT OS (ARMT2).Build.0 = Release|TwinCAT OS (ARMT2)
		{FDFBE119-C4C6-404D-8662-D2C489124166}.Release|TwinCAT RT (x64).ActiveCfg = Release|TwinCAT RT (x64)
		{FDFBE119-C4C6-404D-8662-D2C489124166}.Release|TwinCAT RT (x64).Build.0 = Release|TwinCAT RT (x64)
		{FDFBE119-C4C6-404D-8662-D2C489124166}.Release|TwinCAT RT (x86).ActiveCfg = Release|TwinCAT RT (x86)
		{FDFBE119-C4C6-404D-8662-D2C489124166}.Release|TwinCAT RT (x86).Build.0 = Release|TwinCAT RT (x86)
		{D3F7E094-A274-4F33-BE86-D396BEBE2E15}.Debug|TwinCAT CE7 (ARMV7).ActiveCfg = Debug|TwinCAT CE7 (ARMV7)
		{D3F7E094-A274-4F33-BE86-D396BEBE2E15}.Debug|TwinCAT CE7 (ARMV7).Build.0 = Debug|TwinCAT CE7 (ARMV7)
		{D3F7E094-A274-4F33-BE86-D396BEBE2E15}.Debug|TwinCAT OS (ARMT2).ActiveCfg = Debug|TwinCAT OS (ARMT2)
		{D3F7E094-A274-4F33-BE86-D396BEBE2E15}.Debug|TwinCAT OS (ARMT2).Build.0 = Debug|TwinCAT OS (ARMT2)
		{D3F7E094-A274-4F33-BE86-D396BEBE2E15}.Debug|TwinCAT RT (x64).ActiveCfg = Debug|TwinCAT RT (x64)
		{D3F7E094-A274-4F33-BE86-D396BEBE2E15}.Debug|TwinCAT RT (x64).Build.0 = Debug|TwinCAT RT (x64)
		{D3F7E094-A274-4F33-BE86-D396BEBE2E15}.Debug|TwinCAT RT (x86).ActiveCfg = Debug|TwinCAT RT (x86)
		{D3F7E094-A274-4F33-BE86-D396BEBE2E15}.Debug|TwinCAT RT (x86).Build.0 = Debug|TwinCAT RT (x86)
		{D3F7E094-A274-4F33-BE86-D396BEBE2E15}.Release|TwinCAT CE7 (ARMV7).ActiveCfg = Release|TwinCAT CE7 (ARMV7)
		{D3F7E094-A274-4F33-BE86-D396BEBE2E15}.Release|TwinCAT CE7 (ARMV7).Build.0 = Release|TwinCAT CE7 (ARMV7)
		{D3F7E094-A274-4F33-BE86-D396BEBE2E15}.Release|TwinCAT OS (ARMT2).ActiveCfg = Release|TwinCAT OS (ARMT2)
		{D3F7E094-A274-4F33-BE86-D396BEBE2E15}.Release|TwinCAT OS (ARMT2).Build.0 = Release|TwinCAT OS (ARMT2)
		{D3F7E094-A274-4F33-BE86-D396BEBE2E15}.Release|TwinCAT RT (x64).ActiveCfg = Release|TwinCAT RT (x64)
		{D3F7E094-A274-4F33-BE86-D396BEBE2E15}.Release|TwinCAT RT (x64).Build.0 = Release|TwinCAT RT (x64)
		{D3F7E094-A274-4F33-BE86-D396BEBE2E15}.Release|TwinCAT RT (x86).ActiveCfg = Release|TwinCAT RT (x86)
		{D3F7E094-A274-4F33-BE86-D396BEBE2E15}.Release|TwinCAT RT (x86).Build.0 = Release|TwinCAT RT (x86)
		{1FE1246A-A0C4-46A3-9786-82C9670567EE}.Debug|TwinCAT CE7 (ARMV7).ActiveCfg = Debug|TwinCAT CE7 (ARMV7)
		{1FE1246A-A0C4-46A3-9786-82C9670567EE}.Debug|TwinCAT CE7 (ARMV7).Build.0 = Debug|TwinCAT CE7 (ARMV7)
		{1FE1246A-A0C4-46A3-9786-82C9670567EE}.Debug|TwinCAT OS (ARMT2).ActiveCfg = Debug|TwinCAT OS (ARMT2)
		{1FE1246A-A0C4-46A3-9786-82C9670567EE}.Debug|TwinCAT OS (ARMT2).Build.0 = Debug|TwinCAT OS (ARMT2)
		{1FE1246A-A0C4-46A3-9786-82C9670567EE}.Debug|TwinCAT RT (x64).ActiveCfg = Debug|TwinCAT RT (x64)
		{1FE1246A-A0C4-46A3-9786-82C9670567EE}.Debug|TwinCAT RT (x64).Build.0 = Debug|TwinCAT RT (x64)
		{1FE1246A-A0C4-46A3-9786-82C9670567EE}.Debug|TwinCAT RT (x86).ActiveCfg = Debug|TwinCAT RT (x86)
		{1FE1246A-A0C4-46A3-9786-82C9670567EE}.Debug|TwinCAT RT (x86).Build.0 = Debug|TwinCAT RT (x86)
		{1FE1246A-A0C4-46A3-9786-82C9670567EE}.Release|TwinCAT CE7 (ARMV7).ActiveCfg = Release|TwinCAT CE7 (ARMV7)
		{1FE1246A-A0C4-46A3-9786-82C9670567EE}.Release|TwinCAT CE7 (ARMV7).Build.0 = Release|TwinCAT CE7 (ARMV7)
		{1FE1246A-A0C4-46A3-9786-82C9670567EE}.Release|TwinCAT OS (ARMT2).ActiveCfg = Release|TwinCAT OS (ARMT2)
		{1FE1246A-A0C4-46A3-9786-82C9670567EE}.Release|TwinCAT OS (ARMT2).Build.0 = Release|TwinCAT OS (ARMT2)
		{1FE1246A-A0C4-46A3-9786-82C9670567EE}.Release|TwinCAT RT (x64).ActiveCfg = Release|TwinCAT RT (x64)
		{1FE1246A-A0C4-46A3-9786-82C9670567EE}.Release|TwinCAT RT (x64).Build.0 = Release|TwinCAT RT (x64)
		{1FE1246A-A0C4-46A3-9786-82C9670567EE}.Release|TwinCAT RT (x86).ActiveCfg = Release|TwinCAT RT (x86)
		{1FE1246A-A0C4-46A3-9786-82C9670567EE}.Release|TwinCAT RT (x86).Build.0 = Release|TwinCAT RT (x86)
	EndGlobalSection
	GlobalSection(SolutionProperties) = preSolution
		HideSolutionNode = FALSE
	EndGlobalSection
	GlobalSection(ExtensibilityGlobals) = postSolution
		SolutionGuid = {73A36670-B356-404A-B9F3-96D1F99A22E8}
	EndGlobalSection
EndGlobal
