
Microsoft Visual Studio Solution File, Format Version 12.00
# TcXaeShell Solution File, Format Version 11.00
VisualStudioVersion = 15.0.28307.1300
MinimumVisualStudioVersion = 10.0.40219.1
Project("{B1E792BE-AA5F-4E3C-8C82-674BF9C0715B}") = "UnitTests", "UnitTests\UnitTests.tsproj", "{717D26CC-067A-4B86-BADF-81E7B05BE1CF}"
EndProject
Global
	GlobalSection(SolutionConfigurationPlatforms) = preSolution
		Debug|TwinCAT CE7 (ARMV7) = Debug|TwinCAT CE7 (ARMV7)
		Debug|TwinCAT OS (ARMT2) = Debug|TwinCAT OS (ARMT2)
		Debug|TwinCAT RT (x64) = Debug|TwinCAT RT (x64)
		Debug|TwinCAT RT (x86) = Debug|TwinCAT RT (x86)
		Release|TwinCAT CE7 (ARMV7) = Release|TwinCAT CE7 (ARMV7)
		Release|TwinCAT OS (ARMT2) = Release|TwinCAT OS (ARMT2)
		Release|TwinCAT RT (x64) = Release|TwinCAT RT (x64)
		Release|TwinCAT RT (x86) = Release|TwinCAT RT (x86)
	EndGlobalSection
	GlobalSection(ProjectConfigurationPlatforms) = postSolution
		{717D26CC-067A-4B86-BADF-81E7B05BE1CF}.Debug|TwinCAT CE7 (ARMV7).ActiveCfg = Debug|TwinCAT CE7 (ARMV7)
		{717D26CC-067A-4B86-BADF-81E7B05BE1CF}.Debug|TwinCAT CE7 (ARMV7).Build.0 = Debug|TwinCAT CE7 (ARMV7)
		{717D26CC-067A-4B86-BADF-81E7B05BE1CF}.Debug|TwinCAT OS (ARMT2).ActiveCfg = Debug|TwinCAT OS (ARMT2)
		{717D26CC-067A-4B86-BADF-81E7B05BE1CF}.Debug|TwinCAT OS (ARMT2).Build.0 = Debug|TwinCAT OS (ARMT2)
		{717D26CC-067A-4B86-BADF-81E7B05BE1CF}.Debug|TwinCAT RT (x64).ActiveCfg = Debug|TwinCAT RT (x64)
		{717D26CC-067A-4B86-BADF-81E7B05BE1CF}.Debug|TwinCAT RT (x64).Build.0 = Debug|TwinCAT RT (x64)
		{717D26CC-067A-4B86-BADF-81E7B05BE1CF}.Debug|TwinCAT RT (x86).ActiveCfg = Debug|TwinCAT RT (x86)
		{717D26CC-067A-4B86-BADF-81E7B05BE1CF}.Debug|TwinCAT RT (x86).Build.0 = Debug|TwinCAT RT (x86)
		{717D26CC-067A-4B86-BADF-81E7B05BE1CF}.Release|TwinCAT CE7 (ARMV7).ActiveCfg = Release|TwinCAT CE7 (ARMV7)
		{717D26CC-067A-4B86-BADF-81E7B05BE1CF}.Release|TwinCAT CE7 (ARMV7).Build.0 = Release|TwinCAT CE7 (ARMV7)
		{717D26CC-067A-4B86-BADF-81E7B05BE1CF}.Release|TwinCAT OS (ARMT2).ActiveCfg = Release|TwinCAT OS (ARMT2)
		{717D26CC-067A-4B86-BADF-81E7B05BE1CF}.Release|TwinCAT OS (ARMT2).Build.0 = Release|TwinCAT OS (ARMT2)
		{717D26CC-067A-4B86-BADF-81E7B05BE1CF}.Release|TwinCAT RT (x64).ActiveCfg = Release|TwinCAT RT (x64)
		{717D26CC-067A-4B86-BADF-81E7B05BE1CF}.Release|TwinCAT RT (x64).Build.0 = Release|TwinCAT RT (x64)
		{717D26CC-067A-4B86-BADF-81E7B05BE1CF}.Release|TwinCAT RT (x86).ActiveCfg = Release|TwinCAT RT (x86)
		{717D26CC-067A-4B86-BADF-81E7B05BE1CF}.Release|TwinCAT RT (x86).Build.0 = Release|TwinCAT RT (x86)
		{D5105030-1023-41D3-8630-093BB721681E}.Debug|TwinCAT CE7 (ARMV7).ActiveCfg = Debug|TwinCAT CE7 (ARMV7)
		{D5105030-1023-41D3-8630-093BB721681E}.Debug|TwinCAT CE7 (ARMV7).Build.0 = Debug|TwinCAT CE7 (ARMV7)
		{D5105030-1023-41D3-8630-093BB721681E}.Debug|TwinCAT OS (ARMT2).ActiveCfg = Debug|TwinCAT OS (ARMT2)
		{D5105030-1023-41D3-8630-093BB721681E}.Debug|TwinCAT OS (ARMT2).Build.0 = Debug|TwinCAT OS (ARMT2)
		{D5105030-1023-41D3-8630-093BB721681E}.Debug|TwinCAT RT (x64).ActiveCfg = Debug|TwinCAT RT (x64)
		{D5105030-1023-41D3-8630-093BB721681E}.Debug|TwinCAT RT (x64).Build.0 = Debug|TwinCAT RT (x64)
		{D5105030-1023-41D3-8630-093BB721681E}.Debug|TwinCAT RT (x86).ActiveCfg = Debug|TwinCAT RT (x86)
		{D5105030-1023-41D3-8630-093BB721681E}.Debug|TwinCAT RT (x86).Build.0 = Debug|TwinCAT RT (x86)
		{D5105030-1023-41D3-8630-093BB721681E}.Release|TwinCAT CE7 (ARMV7).ActiveCfg = Release|TwinCAT CE7 (ARMV7)
		{D5105030-1023-41D3-8630-093BB721681E}.Release|TwinCAT CE7 (ARMV7).Build.0 = Release|TwinCAT CE7 (ARMV7)
		{D5105030-1023-41D3-8630-093BB721681E}.Release|TwinCAT OS (ARMT2).ActiveCfg = Release|TwinCAT OS (ARMT2)
		{D5105030-1023-41D3-8630-093BB721681E}.Release|TwinCAT OS (ARMT2).Build.0 = Release|TwinCAT OS (ARMT2)
		{D5105030-1023-41D3-8630-093BB721681E}.Release|TwinCAT RT (x64).ActiveCfg = Release|TwinCAT RT (x64)
		{D5105030-1023-41D3-8630-093BB721681E}.Release|TwinCAT RT (x64).Build.0 = Release|TwinCAT RT (x64)
		{D5105030-1023-41D3-8630-093BB721681E}.Release|TwinCAT RT (x86).ActiveCfg = Release|TwinCAT RT (x86)
		{D5105030-1023-41D3-8630-093BB721681E}.Release|TwinCAT RT (x86).Build.0 = Release|TwinCAT RT (x86)
	EndGlobalSection
	GlobalSection(SolutionProperties) = preSolution
		HideSolutionNode = FALSE
	EndGlobalSection
	GlobalSection(ExtensibilityGlobals) = postSolution
		SolutionGuid = {369BA96B-080F-4B85-8DF2-9C55C6F4B438}
	EndGlobalSection
EndGlobal
